Microsoft Visual Studio Solution File, Format Version 7.00
Project("{8BC9CEB8-8B4A-11D0-8D11-00A0C91BC942}") = "LKbtv", "LKbtv.vcproj", "{A5CD7575-A79F-4451-992F-4C978ABB38D7}"
EndProject
Global
	GlobalSection(SolutionConfiguration) = preSolution
		ConfigName.0 = Debug
		ConfigName.1 = Release
	EndGlobalSection
	GlobalSection(ProjectDependencies) = postSolution
	EndGlobalSection
	GlobalSection(ProjectConfiguration) = postSolution
		{A5CD7575-A79F-4451-992F-4C978ABB38D7}.Debug.ActiveCfg = Debug|Win32
		{A5CD7575-A79F-4451-992F-4C978ABB38D7}.Debug.Build.0 = Debug|Win32
		{A5CD7575-A79F-4451-992F-4C978ABB38D7}.Release.ActiveCfg = Release|Win32
		{A5CD7575-A79F-4451-992F-4C978ABB38D7}.Release.Build.0 = Release|Win32
	EndGlobalSection
	GlobalSection(ExtensibilityGlobals) = postSolution
	EndGlobalSection
	GlobalSection(ExtensibilityAddIns) = postSolution
	EndGlobalSection
EndGlobal
